{
  "name": "pkm",
  "version": "1.0.0",
  "lockfileVersion": 1,
  "requires": true,
  "dependencies": {
    "react-hook-form": {
      "version": "6.15.1",
      "resolved": "https://registry.npmjs.org/react-hook-form/-/react-hook-form-6.15.1.tgz",
      "integrity": "sha512-bL0LQuQ3OlM3JYfbacKtBPLOHhmgYz8Lj6ivMrvu2M6e1wnt4sbGRtPEPYCc/8z3WDbjrMwfAfLX92OsB65pFA=="
    }
  }
}
